{
  "name": "helloworld",
  "version": "1.0.0",
  "lockfileVersion": 1,
  "requires": true,
  "dependencies": {
    "@types/node": {
      "version": "9.6.20",
      "resolved": "https://registry.npmjs.org/@types/node/-/node-9.6.20.tgz",
      "integrity": "sha512-mIMXUbH2MmJAQQjzFUIRpxa+FtA27IaHMrIgoJ1fyu/EfpVN/UZw3ISMNnwVec4lau8R8SM4pNFXSCZpJFX2Bw=="
    },
    "apollo-link": {
      "version": "1.2.1",
      "resolved": "https://registry.npmjs.org/apollo-link/-/apollo-link-1.2.1.tgz",
      "integrity": "sha512-6Ghf+j3cQLCIvjXd2dJrLw+16HZbWbwmB1qlTc41BviB2hv+rK1nJr17Y9dWK0UD4p3i9Hfddx3tthpMKrueHg==",
      "requires": {
        "@types/node": "9.6.20",
        "apollo-utilities": "1.0.13",
        "zen-observable-ts": "0.8.9"
      }
    },
    "apollo-utilities": {
      "version": "1.0.13",
      "resolved": "https://registry.npmjs.org/apollo-utilities/-/apollo-utilities-1.0.13.tgz",
      "integrity": "sha512-WIbKDsFsLXMgPPGmlB2pL2noHT13TOLU2eRSyPjQMQwcz9lO9UKRkwK8pRJ8b4Zo/9qQHm30F/xlfP/OSr2ZSw=="
    },
    "deprecated-decorator": {
      "version": "0.1.6",
      "resolved": "https://registry.npmjs.org/deprecated-decorator/-/deprecated-decorator-0.1.6.tgz",
      "integrity": "sha1-AJZjF7ehL+kvPMgx91g68ym4bDc="
    },
    "graphql": {
      "version": "0.13.2",
      "resolved": "https://registry.npmjs.org/graphql/-/graphql-0.13.2.tgz",
      "integrity": "sha512-QZ5BL8ZO/B20VA8APauGBg3GyEgZ19eduvpLWoq5x7gMmWnHoy8rlQWPLmWgFvo1yNgjSEFMesmS4R6pPr7xog==",
      "requires": {
        "iterall": "1.2.2"
      }
    },
    "graphql-tools": {
      "version": "3.0.2",
      "resolved": "https://registry.npmjs.org/graphql-tools/-/graphql-tools-3.0.2.tgz",
      "integrity": "sha512-bhDGrvmSgcJBFX3EZEYagmKPk/EJ9vZIcF1WtSFveWfvSsh7crMFSQ9ldftuIXC9UeRwfutpGf3A1q4UpVLaRg==",
      "requires": {
        "apollo-link": "1.2.1",
        "apollo-utilities": "1.0.13",
        "deprecated-decorator": "0.1.6",
        "iterall": "1.2.2",
        "uuid": "3.2.1"
      }
    },
    "iterall": {
      "version": "1.2.2",
      "resolved": "https://registry.npmjs.org/iterall/-/iterall-1.2.2.tgz",
      "integrity": "sha512-yynBb1g+RFUPY64fTrFv7nsjRrENBQJaX2UL+2Szc9REFrSNm1rpSXHGzhmAy7a9uv3vlvgBlXnf9RqmPH1/DA=="
    },
    "uuid": {
      "version": "3.2.1",
      "resolved": "https://registry.npmjs.org/uuid/-/uuid-3.2.1.tgz",
      "integrity": "sha512-jZnMwlb9Iku/O3smGWvZhauCf6cvvpKi4BKRiliS3cxnI+Gz9j5MEpTz2UFuXiKPJocb7gnsLHwiS05ige5BEA=="
    },
    "zen-observable": {
      "version": "0.8.8",
      "resolved": "https://registry.npmjs.org/zen-observable/-/zen-observable-0.8.8.tgz",
      "integrity": "sha512-HnhhyNnwTFzS48nihkCZIJGsWGFcYUz+XPDlPK5W84Ifji8SksC6m7sQWOf8zdCGhzQ4tDYuMYGu5B0N1dXTtg=="
    },
    "zen-observable-ts": {
      "version": "0.8.9",
      "resolved": "https://registry.npmjs.org/zen-observable-ts/-/zen-observable-ts-0.8.9.tgz",
      "integrity": "sha512-KJz2O8FxbAdAU5CSc8qZ1K2WYEJb1HxS6XDRF+hOJ1rOYcg6eTMmS9xYHCXzqZZzKw6BbXWyF4UpwSsBQnHJeA==",
      "requires": {
        "zen-observable": "0.8.8"
      }
    }
  }
}
